
Microsoft Visual Studio Solution File, Format Version 12.00
# Visual Studio Version 17
VisualStudioVersion = 17.7.34024.191
MinimumVisualStudioVersion = 10.0.40219.1
Project("{8BC9CEB8-8B4A-11D0-8D11-00A0C91BC942}") = "hw 05.12", "hw 05.12\hw 05.12.vcxproj", "{3D3DFBFD-6452-4E72-B892-53F52CA9D428}"
EndProject
Global
	GlobalSection(SolutionConfigurationPlatforms) = preSolution
		Debug|x64 = Debug|x64
		Debug|x86 = Debug|x86
		Release|x64 = Release|x64
		Release|x86 = Release|x86
	EndGlobalSection
	GlobalSection(ProjectConfigurationPlatforms) = postSolution
		{3D3DFBFD-6452-4E72-B892-53F52CA9D428}.Debug|x64.ActiveCfg = Debug|x64
		{3D3DFBFD-6452-4E72-B892-53F52CA9D428}.Debug|x64.Build.0 = Debug|x64
		{3D3DFBFD-6452-4E72-B892-53F52CA9D428}.Debug|x86.ActiveCfg = Debug|Win32
		{3D3DFBFD-6452-4E72-B892-53F52CA9D428}.Debug|x86.Build.0 = Debug|Win32
		{3D3DFBFD-6452-4E72-B892-53F52CA9D428}.Release|x64.ActiveCfg = Release|x64
		{3D3DFBFD-6452-4E72-B892-53F52CA9D428}.Release|x64.Build.0 = Release|x64
		{3D3DFBFD-6452-4E72-B892-53F52CA9D428}.Release|x86.ActiveCfg = Release|Win32
		{3D3DFBFD-6452-4E72-B892-53F52CA9D428}.Release|x86.Build.0 = Release|Win32
	EndGlobalSection
	GlobalSection(SolutionProperties) = preSolution
		HideSolutionNode = FALSE
	EndGlobalSection
	GlobalSection(ExtensibilityGlobals) = postSolution
		SolutionGuid = {0CC931B3-8D6E-45EE-8234-2BD1BBCE7277}
	EndGlobalSection
EndGlobal
